
Microsoft Visual Studio Solution File, Format Version 12.00
# Visual Studio Version 16
VisualStudioVersion = 16.0.30611.23
MinimumVisualStudioVersion = 10.0.40219.1
Project("{FAE04EC0-301F-11D3-BF4B-00C04F79EFBC}") = "DoubleTransposition", "DoubleTransposition\DoubleTransposition.csproj", "{A74F8D86-D044-47CD-A577-35F5792858B3}"
EndProject
Project("{2150E333-8FDC-42A3-9474-1A3956D46DE8}") = "Solution Items", "Solution Items", "{3CB96DC7-8F8A-4B1E-BA76-0175DD096C30}"
	ProjectSection(SolutionItems) = preProject
		.editorconfig = .editorconfig
	EndProjectSection
EndProject
Global
	GlobalSection(SolutionConfigurationPlatforms) = preSolution
		Debug|Any CPU = Debug|Any CPU
		Release|Any CPU = Release|Any CPU
	EndGlobalSection
	GlobalSection(ProjectConfigurationPlatforms) = postSolution
		{A74F8D86-D044-47CD-A577-35F5792858B3}.Debug|Any CPU.ActiveCfg = Debug|Any CPU
		{A74F8D86-D044-47CD-A577-35F5792858B3}.Debug|Any CPU.Build.0 = Debug|Any CPU
		{A74F8D86-D044-47CD-A577-35F5792858B3}.Release|Any CPU.ActiveCfg = Release|Any CPU
		{A74F8D86-D044-47CD-A577-35F5792858B3}.Release|Any CPU.Build.0 = Release|Any CPU
	EndGlobalSection
	GlobalSection(SolutionProperties) = preSolution
		HideSolutionNode = FALSE
	EndGlobalSection
	GlobalSection(ExtensibilityGlobals) = postSolution
		SolutionGuid = {BEB01348-C4FB-4FA5-A473-129566E7A753}
	EndGlobalSection
EndGlobal
